
Microsoft Visual Studio Solution File, Format Version 12.00
# Visual Studio Version 17
VisualStudioVersion = 17.7.34221.43
MinimumVisualStudioVersion = 10.0.40219.1
Project("{FAE04EC0-301F-11D3-BF4B-00C04F79EFBC}") = "Assignment2", "Assignment2\Assignment2.csproj", "{283ED87A-190D-438C-8FF7-A2C6B5E9D27C}"
EndProject
Global
	GlobalSection(SolutionConfigurationPlatforms) = preSolution
		Debug|Any CPU = Debug|Any CPU
		Release|Any CPU = Release|Any CPU
	EndGlobalSection
	GlobalSection(ProjectConfigurationPlatforms) = postSolution
		{283ED87A-190D-438C-8FF7-A2C6B5E9D27C}.Debug|Any CPU.ActiveCfg = Debug|Any CPU
		{283ED87A-190D-438C-8FF7-A2C6B5E9D27C}.Debug|Any CPU.Build.0 = Debug|Any CPU
		{283ED87A-190D-438C-8FF7-A2C6B5E9D27C}.Release|Any CPU.ActiveCfg = Release|Any CPU
		{283ED87A-190D-438C-8FF7-A2C6B5E9D27C}.Release|Any CPU.Build.0 = Release|Any CPU
	EndGlobalSection
	GlobalSection(SolutionProperties) = preSolution
		HideSolutionNode = FALSE
	EndGlobalSection
	GlobalSection(ExtensibilityGlobals) = postSolution
		SolutionGuid = {603B699A-4232-44AD-93FB-AC1E12B67719}
	EndGlobalSection
EndGlobal
